
Microsoft Visual Studio Solution File, Format Version 12.00
# Visual Studio Version 17
VisualStudioVersion = 17.9.34728.123
MinimumVisualStudioVersion = 10.0.40219.1
Project("{9A19103F-16F7-4668-BE54-9A1E7A4F7556}") = "LaunchLocalSSHTunnel", "LaunchLocalSSHTunnel\LaunchLocalSSHTunnel.csproj", "{6691238A-DA8E-4A8A-8B86-0F5A0A164073}"
EndProject
Project("{2150E333-8FDC-42A3-9474-1A3956D46DE8}") = "Projektmappenelemente", "Projektmappenelemente", "{7A5AAE7E-E4E4-4DAC-A5FF-54A1FF2CA179}"
	ProjectSection(SolutionItems) = preProject
		.gitignore = .gitignore
	EndProjectSection
EndProject
Global
	GlobalSection(SolutionConfigurationPlatforms) = preSolution
		Debug|Any CPU = Debug|Any CPU
		Release|Any CPU = Release|Any CPU
	EndGlobalSection
	GlobalSection(ProjectConfigurationPlatforms) = postSolution
		{6691238A-DA8E-4A8A-8B86-0F5A0A164073}.Debug|Any CPU.ActiveCfg = Debug|Any CPU
		{6691238A-DA8E-4A8A-8B86-0F5A0A164073}.Debug|Any CPU.Build.0 = Debug|Any CPU
		{6691238A-DA8E-4A8A-8B86-0F5A0A164073}.Release|Any CPU.ActiveCfg = Release|Any CPU
		{6691238A-DA8E-4A8A-8B86-0F5A0A164073}.Release|Any CPU.Build.0 = Release|Any CPU
	EndGlobalSection
	GlobalSection(SolutionProperties) = preSolution
		HideSolutionNode = FALSE
	EndGlobalSection
	GlobalSection(ExtensibilityGlobals) = postSolution
		SolutionGuid = {3E3A527B-22E2-4296-975E-E5B75E3187BF}
	EndGlobalSection
EndGlobal
